
Microsoft Visual Studio Solution File, Format Version 12.00
# Visual Studio Version 16
VisualStudioVersion = 16.0.29728.190
MinimumVisualStudioVersion = 10.0.40219.1
Project("{FAE04EC0-301F-11D3-BF4B-00C04F79EFBC}") = "ASP.NET PROVA", "ASP.NET PROVA.csproj", "{EA83C4D2-0F03-4F31-979A-41B5F08F86A4}"
EndProject
Global
	GlobalSection(SolutionConfigurationPlatforms) = preSolution
		Debug|Any CPU = Debug|Any CPU
		Release|Any CPU = Release|Any CPU
	EndGlobalSection
	GlobalSection(ProjectConfigurationPlatforms) = postSolution
		{EA83C4D2-0F03-4F31-979A-41B5F08F86A4}.Debug|Any CPU.ActiveCfg = Debug|Any CPU
		{EA83C4D2-0F03-4F31-979A-41B5F08F86A4}.Debug|Any CPU.Build.0 = Debug|Any CPU
		{EA83C4D2-0F03-4F31-979A-41B5F08F86A4}.Release|Any CPU.ActiveCfg = Release|Any CPU
		{EA83C4D2-0F03-4F31-979A-41B5F08F86A4}.Release|Any CPU.Build.0 = Release|Any CPU
	EndGlobalSection
	GlobalSection(SolutionProperties) = preSolution
		HideSolutionNode = FALSE
	EndGlobalSection
	GlobalSection(ExtensibilityGlobals) = postSolution
		SolutionGuid = {5D1B5B2E-ABA8-4415-B936-D10C019CEC5A}
	EndGlobalSection
EndGlobal
